
Microsoft Visual Studio Solution File, Format Version 12.00
# Visual Studio Version 17
VisualStudioVersion = 17.0.31912.275
MinimumVisualStudioVersion = 10.0.40219.1
Project("{9A19103F-16F7-4668-BE54-9A1E7A4F7556}") = "Website.Backend", "Website.Backend\Website.Backend.csproj", "{816A2D3E-FCBD-4693-9564-0BA26D481F3A}"
EndProject
Project("{9A19103F-16F7-4668-BE54-9A1E7A4F7556}") = "Website.Backend.Test", "Website.Backend.Test\Website.Backend.Test.csproj", "{40795AE1-D87B-49E2-A7F0-B65D2083D45C}"
EndProject
Project("{9A19103F-16F7-4668-BE54-9A1E7A4F7556}") = "Website.Backend.Domain", "Website.Backend.Domain\Website.Backend.Domain.csproj", "{0E3B6E60-0916-4A9B-8ADE-9F93E24A9C5D}"
EndProject
Project("{9A19103F-16F7-4668-BE54-9A1E7A4F7556}") = "Website.Backend.TableStorage", "Website.Backend.TableStorage\Website.Backend.TableStorage.csproj", "{BFCE8205-ED76-4B63-83E4-4D38EA3B34E1}"
EndProject
Project("{9A19103F-16F7-4668-BE54-9A1E7A4F7556}") = "Website.Backend.TableStorage.Test", "Website.Backend.TableStorage.Test\Website.Backend.TableStorage.Test.csproj", "{7C7799AF-9F20-450B-A867-72E96E095C04}"
EndProject
Project("{FAE04EC0-301F-11D3-BF4B-00C04F79EFBC}") = "Website.Backend.Infrastructure", "Website.Backend.Infrastructure\Website.Backend.Infrastructure.csproj", "{534C97A9-C11B-46FF-B494-D5F0BA46CE12}"
EndProject
Project("{FAE04EC0-301F-11D3-BF4B-00C04F79EFBC}") = "Website.Backend.Infrastructure.Test", "Website.Backend.Infrastructure.Test\Website.Backend.Infrastructure.Test.csproj", "{067BEABE-4D89-4E64-832D-63938B51EDA2}"
EndProject
Global
	GlobalSection(SolutionConfigurationPlatforms) = preSolution
		Debug|Any CPU = Debug|Any CPU
		Release|Any CPU = Release|Any CPU
	EndGlobalSection
	GlobalSection(ProjectConfigurationPlatforms) = postSolution
		{816A2D3E-FCBD-4693-9564-0BA26D481F3A}.Debug|Any CPU.ActiveCfg = Debug|Any CPU
		{816A2D3E-FCBD-4693-9564-0BA26D481F3A}.Debug|Any CPU.Build.0 = Debug|Any CPU
		{816A2D3E-FCBD-4693-9564-0BA26D481F3A}.Release|Any CPU.ActiveCfg = Release|Any CPU
		{816A2D3E-FCBD-4693-9564-0BA26D481F3A}.Release|Any CPU.Build.0 = Release|Any CPU
		{40795AE1-D87B-49E2-A7F0-B65D2083D45C}.Debug|Any CPU.ActiveCfg = Debug|Any CPU
		{40795AE1-D87B-49E2-A7F0-B65D2083D45C}.Debug|Any CPU.Build.0 = Debug|Any CPU
		{40795AE1-D87B-49E2-A7F0-B65D2083D45C}.Release|Any CPU.ActiveCfg = Release|Any CPU
		{40795AE1-D87B-49E2-A7F0-B65D2083D45C}.Release|Any CPU.Build.0 = Release|Any CPU
		{0E3B6E60-0916-4A9B-8ADE-9F93E24A9C5D}.Debug|Any CPU.ActiveCfg = Debug|Any CPU
		{0E3B6E60-0916-4A9B-8ADE-9F93E24A9C5D}.Debug|Any CPU.Build.0 = Debug|Any CPU
		{0E3B6E60-0916-4A9B-8ADE-9F93E24A9C5D}.Release|Any CPU.ActiveCfg = Release|Any CPU
		{0E3B6E60-0916-4A9B-8ADE-9F93E24A9C5D}.Release|Any CPU.Build.0 = Release|Any CPU
		{BFCE8205-ED76-4B63-83E4-4D38EA3B34E1}.Debug|Any CPU.ActiveCfg = Debug|Any CPU
		{BFCE8205-ED76-4B63-83E4-4D38EA3B34E1}.Debug|Any CPU.Build.0 = Debug|Any CPU
		{BFCE8205-ED76-4B63-83E4-4D38EA3B34E1}.Release|Any CPU.ActiveCfg = Release|Any CPU
		{BFCE8205-ED76-4B63-83E4-4D38EA3B34E1}.Release|Any CPU.Build.0 = Release|Any CPU
		{7C7799AF-9F20-450B-A867-72E96E095C04}.Debug|Any CPU.ActiveCfg = Debug|Any CPU
		{7C7799AF-9F20-450B-A867-72E96E095C04}.Debug|Any CPU.Build.0 = Debug|Any CPU
		{7C7799AF-9F20-450B-A867-72E96E095C04}.Release|Any CPU.ActiveCfg = Release|Any CPU
		{7C7799AF-9F20-450B-A867-72E96E095C04}.Release|Any CPU.Build.0 = Release|Any CPU
		{534C97A9-C11B-46FF-B494-D5F0BA46CE12}.Debug|Any CPU.ActiveCfg = Debug|Any CPU
		{534C97A9-C11B-46FF-B494-D5F0BA46CE12}.Debug|Any CPU.Build.0 = Debug|Any CPU
		{534C97A9-C11B-46FF-B494-D5F0BA46CE12}.Release|Any CPU.ActiveCfg = Release|Any CPU
		{534C97A9-C11B-46FF-B494-D5F0BA46CE12}.Release|Any CPU.Build.0 = Release|Any CPU
		{067BEABE-4D89-4E64-832D-63938B51EDA2}.Debug|Any CPU.ActiveCfg = Debug|Any CPU
		{067BEABE-4D89-4E64-832D-63938B51EDA2}.Debug|Any CPU.Build.0 = Debug|Any CPU
		{067BEABE-4D89-4E64-832D-63938B51EDA2}.Release|Any CPU.ActiveCfg = Release|Any CPU
		{067BEABE-4D89-4E64-832D-63938B51EDA2}.Release|Any CPU.Build.0 = Release|Any CPU
	EndGlobalSection
	GlobalSection(SolutionProperties) = preSolution
		HideSolutionNode = FALSE
	EndGlobalSection
	GlobalSection(ExtensibilityGlobals) = postSolution
		SolutionGuid = {810F5A19-032C-44B7-9D61-D11D7C1E664F}
	EndGlobalSection
EndGlobal
